
Microsoft Visual Studio Solution File, Format Version 12.00
Project("{FAE04EC0-301F-11D3-BF4B-00C04F79EFBC}") = "SampleRabbitMQ", "SampleRabbitMQ\SampleRabbitMQ.csproj", "{930DF2C6-8C50-417F-9CBC-857092D7CC07}"
EndProject
Global
	GlobalSection(SolutionConfigurationPlatforms) = preSolution
		Debug|Any CPU = Debug|Any CPU
		Release|Any CPU = Release|Any CPU
	EndGlobalSection
	GlobalSection(ProjectConfigurationPlatforms) = postSolution
		{930DF2C6-8C50-417F-9CBC-857092D7CC07}.Debug|Any CPU.ActiveCfg = Debug|Any CPU
		{930DF2C6-8C50-417F-9CBC-857092D7CC07}.Debug|Any CPU.Build.0 = Debug|Any CPU
		{930DF2C6-8C50-417F-9CBC-857092D7CC07}.Release|Any CPU.ActiveCfg = Release|Any CPU
		{930DF2C6-8C50-417F-9CBC-857092D7CC07}.Release|Any CPU.Build.0 = Release|Any CPU
	EndGlobalSection
EndGlobal
